
Microsoft Visual Studio Solution File, Format Version 12.00
# Visual Studio Version 16
VisualStudioVersion = 16.0.30804.86
MinimumVisualStudioVersion = 10.0.40219.1
Project("{FAE04EC0-301F-11D3-BF4B-00C04F79EFBC}") = "DowralyApp.Android", "Dowraly App\Dowraly App.Android\DowralyApp.Android.csproj", "{DD83D465-B91D-446A-8036-EE8F5DC0C6A1}"
EndProject
Project("{FAE04EC0-301F-11D3-BF4B-00C04F79EFBC}") = "DowralyApp.iOS", "Dowraly App\Dowraly App.iOS\DowralyApp.iOS.csproj", "{BE647A30-6A32-4EBA-8D5E-2152FA16AD72}"
EndProject
Project("{9A19103F-16F7-4668-BE54-9A1E7A4F7556}") = "DowralyApp", "Dowraly App\Dowraly App\DowralyApp.csproj", "{53D912FB-2351-43C9-825D-71C07AE507F6}"
EndProject
Global
	GlobalSection(SolutionConfigurationPlatforms) = preSolution
		Debug|Any CPU = Debug|Any CPU
		Debug|iPhone = Debug|iPhone
		Debug|iPhoneSimulator = Debug|iPhoneSimulator
		Release|Any CPU = Release|Any CPU
		Release|iPhone = Release|iPhone
		Release|iPhoneSimulator = Release|iPhoneSimulator
	EndGlobalSection
	GlobalSection(ProjectConfigurationPlatforms) = postSolution
		{DD83D465-B91D-446A-8036-EE8F5DC0C6A1}.Debug|Any CPU.ActiveCfg = Debug|Any CPU
		{DD83D465-B91D-446A-8036-EE8F5DC0C6A1}.Debug|Any CPU.Build.0 = Debug|Any CPU
		{DD83D465-B91D-446A-8036-EE8F5DC0C6A1}.Debug|Any CPU.Deploy.0 = Debug|Any CPU
		{DD83D465-B91D-446A-8036-EE8F5DC0C6A1}.Debug|iPhone.ActiveCfg = Debug|Any CPU
		{DD83D465-B91D-446A-8036-EE8F5DC0C6A1}.Debug|iPhone.Build.0 = Debug|Any CPU
		{DD83D465-B91D-446A-8036-EE8F5DC0C6A1}.Debug|iPhone.Deploy.0 = Debug|Any CPU
		{DD83D465-B91D-446A-8036-EE8F5DC0C6A1}.Debug|iPhoneSimulator.ActiveCfg = Debug|Any CPU
		{DD83D465-B91D-446A-8036-EE8F5DC0C6A1}.Debug|iPhoneSimulator.Build.0 = Debug|Any CPU
		{DD83D465-B91D-446A-8036-EE8F5DC0C6A1}.Debug|iPhoneSimulator.Deploy.0 = Debug|Any CPU
		{DD83D465-B91D-446A-8036-EE8F5DC0C6A1}.Release|Any CPU.ActiveCfg = Release|Any CPU
		{DD83D465-B91D-446A-8036-EE8F5DC0C6A1}.Release|Any CPU.Build.0 = Release|Any CPU
		{DD83D465-B91D-446A-8036-EE8F5DC0C6A1}.Release|Any CPU.Deploy.0 = Release|Any CPU
		{DD83D465-B91D-446A-8036-EE8F5DC0C6A1}.Release|iPhone.ActiveCfg = Release|Any CPU
		{DD83D465-B91D-446A-8036-EE8F5DC0C6A1}.Release|iPhone.Build.0 = Release|Any CPU
		{DD83D465-B91D-446A-8036-EE8F5DC0C6A1}.Release|iPhone.Deploy.0 = Release|Any CPU
		{DD83D465-B91D-446A-8036-EE8F5DC0C6A1}.Release|iPhoneSimulator.ActiveCfg = Release|Any CPU
		{DD83D465-B91D-446A-8036-EE8F5DC0C6A1}.Release|iPhoneSimulator.Build.0 = Release|Any CPU
		{DD83D465-B91D-446A-8036-EE8F5DC0C6A1}.Release|iPhoneSimulator.Deploy.0 = Release|Any CPU
		{BE647A30-6A32-4EBA-8D5E-2152FA16AD72}.Debug|Any CPU.ActiveCfg = Debug|iPhone
		{BE647A30-6A32-4EBA-8D5E-2152FA16AD72}.Debug|Any CPU.Build.0 = Debug|iPhone
		{BE647A30-6A32-4EBA-8D5E-2152FA16AD72}.Debug|Any CPU.Deploy.0 = Debug|iPhone
		{BE647A30-6A32-4EBA-8D5E-2152FA16AD72}.Debug|iPhone.ActiveCfg = Debug|iPhone
		{BE647A30-6A32-4EBA-8D5E-2152FA16AD72}.Debug|iPhone.Build.0 = Debug|iPhone
		{BE647A30-6A32-4EBA-8D5E-2152FA16AD72}.Debug|iPhone.Deploy.0 = Debug|iPhone
		{BE647A30-6A32-4EBA-8D5E-2152FA16AD72}.Debug|iPhoneSimulator.ActiveCfg = Debug|iPhoneSimulator
		{BE647A30-6A32-4EBA-8D5E-2152FA16AD72}.Debug|iPhoneSimulator.Build.0 = Debug|iPhoneSimulator
		{BE647A30-6A32-4EBA-8D5E-2152FA16AD72}.Debug|iPhoneSimulator.Deploy.0 = Debug|iPhoneSimulator
		{BE647A30-6A32-4EBA-8D5E-2152FA16AD72}.Release|Any CPU.ActiveCfg = Release|iPhoneSimulator
		{BE647A30-6A32-4EBA-8D5E-2152FA16AD72}.Release|Any CPU.Build.0 = Release|iPhoneSimulator
		{BE647A30-6A32-4EBA-8D5E-2152FA16AD72}.Release|Any CPU.Deploy.0 = Release|iPhoneSimulator
		{BE647A30-6A32-4EBA-8D5E-2152FA16AD72}.Release|iPhone.ActiveCfg = Release|iPhone
		{BE647A30-6A32-4EBA-8D5E-2152FA16AD72}.Release|iPhone.Build.0 = Release|iPhone
		{BE647A30-6A32-4EBA-8D5E-2152FA16AD72}.Release|iPhone.Deploy.0 = Release|iPhone
		{BE647A30-6A32-4EBA-8D5E-2152FA16AD72}.Release|iPhoneSimulator.ActiveCfg = Release|iPhoneSimulator
		{BE647A30-6A32-4EBA-8D5E-2152FA16AD72}.Release|iPhoneSimulator.Build.0 = Release|iPhoneSimulator
		{BE647A30-6A32-4EBA-8D5E-2152FA16AD72}.Release|iPhoneSimulator.Deploy.0 = Release|iPhoneSimulator
		{53D912FB-2351-43C9-825D-71C07AE507F6}.Debug|Any CPU.ActiveCfg = Debug|Any CPU
		{53D912FB-2351-43C9-825D-71C07AE507F6}.Debug|Any CPU.Build.0 = Debug|Any CPU
		{53D912FB-2351-43C9-825D-71C07AE507F6}.Debug|Any CPU.Deploy.0 = Debug|Any CPU
		{53D912FB-2351-43C9-825D-71C07AE507F6}.Debug|iPhone.ActiveCfg = Debug|Any CPU
		{53D912FB-2351-43C9-825D-71C07AE507F6}.Debug|iPhone.Build.0 = Debug|Any CPU
		{53D912FB-2351-43C9-825D-71C07AE507F6}.Debug|iPhone.Deploy.0 = Debug|Any CPU
		{53D912FB-2351-43C9-825D-71C07AE507F6}.Debug|iPhoneSimulator.ActiveCfg = Debug|Any CPU
		{53D912FB-2351-43C9-825D-71C07AE507F6}.Debug|iPhoneSimulator.Build.0 = Debug|Any CPU
		{53D912FB-2351-43C9-825D-71C07AE507F6}.Debug|iPhoneSimulator.Deploy.0 = Debug|Any CPU
		{53D912FB-2351-43C9-825D-71C07AE507F6}.Release|Any CPU.ActiveCfg = Release|Any CPU
		{53D912FB-2351-43C9-825D-71C07AE507F6}.Release|Any CPU.Build.0 = Release|Any CPU
		{53D912FB-2351-43C9-825D-71C07AE507F6}.Release|Any CPU.Deploy.0 = Release|Any CPU
		{53D912FB-2351-43C9-825D-71C07AE507F6}.Release|iPhone.ActiveCfg = Release|Any CPU
		{53D912FB-2351-43C9-825D-71C07AE507F6}.Release|iPhone.Build.0 = Release|Any CPU
		{53D912FB-2351-43C9-825D-71C07AE507F6}.Release|iPhone.Deploy.0 = Release|Any CPU
		{53D912FB-2351-43C9-825D-71C07AE507F6}.Release|iPhoneSimulator.ActiveCfg = Release|Any CPU
		{53D912FB-2351-43C9-825D-71C07AE507F6}.Release|iPhoneSimulator.Build.0 = Release|Any CPU
		{53D912FB-2351-43C9-825D-71C07AE507F6}.Release|iPhoneSimulator.Deploy.0 = Release|Any CPU
	EndGlobalSection
	GlobalSection(SolutionProperties) = preSolution
		HideSolutionNode = FALSE
	EndGlobalSection
	GlobalSection(ExtensibilityGlobals) = postSolution
		SolutionGuid = {693BCB6D-36DD-49AA-BD2A-0F3AE9F824E2}
	EndGlobalSection
EndGlobal
